
Microsoft Visual Studio Solution File, Format Version 12.00
# Visual Studio Version 17
VisualStudioVersion = 17.13.35931.197 d17.13
MinimumVisualStudioVersion = 10.0.40219.1
Project("{FAE04EC0-301F-11D3-BF4B-00C04F79EFBC}") = "newcode", "newcode.csproj", "{EDE40D06-33B2-475C-A7D7-1EDE1A39BB36}"
EndProject
Global
	GlobalSection(SolutionConfigurationPlatforms) = preSolution
		Debug|Any CPU = Debug|Any CPU
		Release|Any CPU = Release|Any CPU
	EndGlobalSection
	GlobalSection(ProjectConfigurationPlatforms) = postSolution
		{EDE40D06-33B2-475C-A7D7-1EDE1A39BB36}.Debug|Any CPU.ActiveCfg = Debug|Any CPU
		{EDE40D06-33B2-475C-A7D7-1EDE1A39BB36}.Debug|Any CPU.Build.0 = Debug|Any CPU
		{EDE40D06-33B2-475C-A7D7-1EDE1A39BB36}.Release|Any CPU.ActiveCfg = Release|Any CPU
		{EDE40D06-33B2-475C-A7D7-1EDE1A39BB36}.Release|Any CPU.Build.0 = Release|Any CPU
	EndGlobalSection
	GlobalSection(SolutionProperties) = preSolution
		HideSolutionNode = FALSE
	EndGlobalSection
	GlobalSection(ExtensibilityGlobals) = postSolution
		SolutionGuid = {D6A3F65A-B14D-4FEF-BB0A-586EF625513F}
	EndGlobalSection
EndGlobal
